
Microsoft Visual Studio Solution File, Format Version 12.00
# Visual Studio Version 16
VisualStudioVersion = 16.0.32228.343
MinimumVisualStudioVersion = 10.0.40219.1
Project("{FAE04EC0-301F-11D3-BF4B-00C04F79EFBC}") = "TextRPG2", "TextRPG2.csproj", "{6F6D7069-3CF7-4BD9-ACC7-8CB29B86B593}"
EndProject
Global
	GlobalSection(SolutionConfigurationPlatforms) = preSolution
		Debug|Any CPU = Debug|Any CPU
		Release|Any CPU = Release|Any CPU
	EndGlobalSection
	GlobalSection(ProjectConfigurationPlatforms) = postSolution
		{6F6D7069-3CF7-4BD9-ACC7-8CB29B86B593}.Debug|Any CPU.ActiveCfg = Debug|Any CPU
		{6F6D7069-3CF7-4BD9-ACC7-8CB29B86B593}.Debug|Any CPU.Build.0 = Debug|Any CPU
		{6F6D7069-3CF7-4BD9-ACC7-8CB29B86B593}.Release|Any CPU.ActiveCfg = Release|Any CPU
		{6F6D7069-3CF7-4BD9-ACC7-8CB29B86B593}.Release|Any CPU.Build.0 = Release|Any CPU
	EndGlobalSection
	GlobalSection(SolutionProperties) = preSolution
		HideSolutionNode = FALSE
	EndGlobalSection
	GlobalSection(ExtensibilityGlobals) = postSolution
		SolutionGuid = {A663CED1-9EAD-4D71-933F-59B2047AA072}
	EndGlobalSection
EndGlobal
